
Microsoft Visual Studio Solution File, Format Version 12.00
# Visual Studio 15
VisualStudioVersion = 15.0.28307.421
MinimumVisualStudioVersion = 10.0.40219.1
Project("{8BC9CEB8-8B4A-11D0-8D11-00A0C91BC942}") = "JAApp", "JASM\JASM.vcxproj", "{186620D1-E5BE-42AE-8CB5-BAB9F0270470}"
EndProject
Project("{8BC9CEB8-8B4A-11D0-8D11-00A0C91BC942}") = "JAAsm", "JAAsm\JAAsm.vcxproj", "{285C1FCB-472C-4D60-BB7B-C5910CCAAD21}"
EndProject
Global
	GlobalSection(SolutionConfigurationPlatforms) = preSolution
		Debug|x64 = Debug|x64
		Debug|x86 = Debug|x86
		Release|x64 = Release|x64
		Release|x86 = Release|x86
	EndGlobalSection
	GlobalSection(ProjectConfigurationPlatforms) = postSolution
		{186620D1-E5BE-42AE-8CB5-BAB9F0270470}.Debug|x64.ActiveCfg = Debug|x64
		{186620D1-E5BE-42AE-8CB5-BAB9F0270470}.Debug|x64.Build.0 = Debug|x64
		{186620D1-E5BE-42AE-8CB5-BAB9F0270470}.Debug|x86.ActiveCfg = Debug|Win32
		{186620D1-E5BE-42AE-8CB5-BAB9F0270470}.Debug|x86.Build.0 = Debug|Win32
		{186620D1-E5BE-42AE-8CB5-BAB9F0270470}.Release|x64.ActiveCfg = Release|x64
		{186620D1-E5BE-42AE-8CB5-BAB9F0270470}.Release|x64.Build.0 = Release|x64
		{186620D1-E5BE-42AE-8CB5-BAB9F0270470}.Release|x86.ActiveCfg = Release|Win32
		{186620D1-E5BE-42AE-8CB5-BAB9F0270470}.Release|x86.Build.0 = Release|Win32
		{285C1FCB-472C-4D60-BB7B-C5910CCAAD21}.Debug|x64.ActiveCfg = Debug|x64
		{285C1FCB-472C-4D60-BB7B-C5910CCAAD21}.Debug|x64.Build.0 = Debug|x64
		{285C1FCB-472C-4D60-BB7B-C5910CCAAD21}.Debug|x86.ActiveCfg = Debug|Win32
		{285C1FCB-472C-4D60-BB7B-C5910CCAAD21}.Debug|x86.Build.0 = Debug|Win32
		{285C1FCB-472C-4D60-BB7B-C5910CCAAD21}.Release|x64.ActiveCfg = Release|x64
		{285C1FCB-472C-4D60-BB7B-C5910CCAAD21}.Release|x64.Build.0 = Release|x64
		{285C1FCB-472C-4D60-BB7B-C5910CCAAD21}.Release|x86.ActiveCfg = Release|Win32
		{285C1FCB-472C-4D60-BB7B-C5910CCAAD21}.Release|x86.Build.0 = Release|Win32
	EndGlobalSection
	GlobalSection(SolutionProperties) = preSolution
		HideSolutionNode = FALSE
	EndGlobalSection
	GlobalSection(ExtensibilityGlobals) = postSolution
		SolutionGuid = {FA5B1378-346C-4E62-B063-EA0A74095B6C}
	EndGlobalSection
EndGlobal
